// !$*UTF8*$!
{
	archiveVersion = 1;
	classes = {
	};
	objectVersion = 50;
	objects = {

/* Begin PBXBuildFile section */
		3F7D98EB2168BF3100746D76 /* Swift_Fixtures_Example.framework in Frameworks */ = {isa = PBXBuildFile; fileRef = 3F7D98E12168BF3100746D76 /* Swift_Fixtures_Example.framework */; };
		3F7D98F22168BF3200746D76 /* Swift_Fixtures_Example.h in Headers */ = {isa = PBXBuildFile; fileRef = 3F7D98E42168BF3100746D76 /* Swift_Fixtures_Example.h */; settings = {ATTRIBUTES = (Public, ); }; };
/* End PBXBuildFile section */

/* Begin PBXContainerItemProxy section */
		3F7D98EC2168BF3100746D76 /* PBXContainerItemProxy */ = {
			isa = PBXContainerItemProxy;
			containerPortal = 3F7D98D82168BF3100746D76 /* Project object */;
			proxyType = 1;
			remoteGlobalIDString = 3F7D98E02168BF3100746D76;
			remoteInfo = "Swift-Fixtures-Example";
		};
/* End PBXContainerItemProxy section */

/* Begin PBXFileReference section */
		3F7D98E12168BF3100746D76 /* Swift_Fixtures_Example.framework */ = {isa = PBXFileReference; explicitFileType = wrapper.framework; includeInIndex = 0; path = Swift_Fixtures_Example.framework; sourceTree = BUILT_PRODUCTS_DIR; };
		3F7D98E42168BF3100746D76 /* Swift_Fixtures_Example.h */ = {isa = PBXFileReference; lastKnownFileType = sourcecode.c.h; path = Swift_Fixtures_Example.h; sourceTree = "<group>"; };
		3F7D98E52168BF3100746D76 /* Info.plist */ = {isa = PBXFileReference; lastKnownFileType = text.plist.xml; path = Info.plist; sourceTree = "<group>"; };
		3F7D98EA2168BF3100746D76 /* Swift-Fixtures-ExampleTests.xctest */ = {isa = PBXFileReference; explicitFileType = wrapper.cfbundle; includeInIndex = 0; path = "Swift-Fixtures-ExampleTests.xctest"; sourceTree = BUILT_PRODUCTS_DIR; };
		3F7D98F12168BF3200746D76 /* Info.plist */ = {isa = PBXFileReference; lastKnownFileType = text.plist.xml; path = Info.plist; sourceTree = "<group>"; };
/* End PBXFileReference section */

/* Begin PBXFrameworksBuildPhase section */
		3F7D98DE2168BF3100746D76 /* Frameworks */ = {
			isa = PBXFrameworksBuildPhase;
			buildActionMask = 2147483647;
			files = (
			);
			runOnlyForDeploymentPostprocessing = 0;
		};
		3F7D98E72168BF3100746D76 /* Frameworks */ = {
			isa = PBXFrameworksBuildPhase;
			buildActionMask = 2147483647;
			files = (
				3F7D98EB2168BF3100746D76 /* Swift_Fixtures_Example.framework in Frameworks */,
			);
			runOnlyForDeploymentPostprocessing = 0;
		};
/* End PBXFrameworksBuildPhase section */

/* Begin PBXGroup section */
		3F7D98D72168BF3100746D76 = {
			isa = PBXGroup;
			children = (
				3F7D98E32168BF3100746D76 /* Swift-Fixtures-Example */,
				3F7D98EE2168BF3200746D76 /* Swift-Fixtures-ExampleTests */,
				3F7D98E22168BF3100746D76 /* Products */,
			);
			indentWidth = 2;
			sourceTree = "<group>";
			tabWidth = 2;
		};
		3F7D98E22168BF3100746D76 /* Products */ = {
			isa = PBXGroup;
			children = (
				3F7D98E12168BF3100746D76 /* Swift_Fixtures_Example.framework */,
				3F7D98EA2168BF3100746D76 /* Swift-Fixtures-ExampleTests.xctest */,
			);
			name = Products;
			sourceTree = "<group>";
		};
		3F7D98E32168BF3100746D76 /* Swift-Fixtures-Example */ = {
			isa = PBXGroup;
			children = (
				3F7D98E42168BF3100746D76 /* Swift_Fixtures_Example.h */,
				3F7D98E52168BF3100746D76 /* Info.plist */,
			);
			path = "Swift-Fixtures-Example";
			sourceTree = "<group>";
		};
		3F7D98EE2168BF3200746D76 /* Swift-Fixtures-ExampleTests */ = {
			isa = PBXGroup;
			children = (
				3F7D98F12168BF3200746D76 /* Info.plist */,
			);
			path = "Swift-Fixtures-ExampleTests";
			sourceTree = "<group>";
		};
/* End PBXGroup section */

/* Begin PBXHeadersBuildPhase section */
		3F7D98DC2168BF3100746D76 /* Headers */ = {
			isa = PBXHeadersBuildPhase;
			buildActionMask = 2147483647;
			files = (
				3F7D98F22168BF3200746D76 /* Swift_Fixtures_Example.h in Headers */,
			);
			runOnlyForDeploymentPostprocessing = 0;
		};
/* End PBXHeadersBuildPhase section */

/* Begin PBXNativeTarget section */
		3F7D98E02168BF3100746D76 /* Swift-Fixtures-Example */ = {
			isa = PBXNativeTarget;
			buildConfigurationList = 3F7D98F52168BF3200746D76 /* Build configuration list for PBXNativeTarget "Swift-Fixtures-Example" */;
			buildPhases = (
				3F7D98DC2168BF3100746D76 /* Headers */,
				3F7D98DD2168BF3100746D76 /* Sources */,
				3F7D98DE2168BF3100746D76 /* Frameworks */,
				3F7D98DF2168BF3100746D76 /* Resources */,
			);
			buildRules = (
			);
			dependencies = (
			);
			name = "Swift-Fixtures-Example";
			productName = "Swift-Fixtures-Example";
			productReference = 3F7D98E12168BF3100746D76 /* Swift_Fixtures_Example.framework */;
			productType = "com.apple.product-type.framework";
		};
		3F7D98E92168BF3100746D76 /* Swift-Fixtures-ExampleTests */ = {
			isa = PBXNativeTarget;
			buildConfigurationList = 3F7D98F82168BF3200746D76 /* Build configuration list for PBXNativeTarget "Swift-Fixtures-ExampleTests" */;
			buildPhases = (
				3F7D98E62168BF3100746D76 /* Sources */,
				3F7D98E72168BF3100746D76 /* Frameworks */,
				3F7D98E82168BF3100746D76 /* Resources */,
			);
			buildRules = (
			);
			dependencies = (
				3F7D98ED2168BF3100746D76 /* PBXTargetDependency */,
			);
			name = "Swift-Fixtures-ExampleTests";
			productName = "Swift-Fixtures-ExampleTests";
			productReference = 3F7D98EA2168BF3100746D76 /* Swift-Fixtures-ExampleTests.xctest */;
			productType = "com.apple.product-type.bundle.unit-test";
		};
/* End PBXNativeTarget section */

/* Begin PBXProject section */
		3F7D98D82168BF3100746D76 /* Project object */ = {
			isa = PBXProject;
			attributes = {
				LastSwiftUpdateCheck = 1000;
				LastUpgradeCheck = 1000;
				ORGANIZATIONNAME = mokacoding;
				TargetAttributes = {
					3F7D98E02168BF3100746D76 = {
						CreatedOnToolsVersion = 10.0;
					};
					3F7D98E92168BF3100746D76 = {
						CreatedOnToolsVersion = 10.0;
					};
				};
			};
			buildConfigurationList = 3F7D98DB2168BF3100746D76 /* Build configuration list for PBXProject "Swift-Fixtures-Example" */;
			compatibilityVersion = "Xcode 9.3";
			developmentRegion = en;
			hasScannedForEncodings = 0;
			knownRegions = (
				en,
			);
			mainGroup = 3F7D98D72168BF3100746D76;
			productRefGroup = 3F7D98E22168BF3100746D76 /* Products */;
			projectDirPath = "";
			projectRoot = "";
			targets = (
				3F7D98E02168BF3100746D76 /* Swift-Fixtures-Example */,
				3F7D98E92168BF3100746D76 /* Swift-Fixtures-ExampleTests */,
			);
		};
/* End PBXProject section */

/* Begin PBXResourcesBuildPhase section */
		3F7D98DF2168BF3100746D76 /* Resources */ = {
			isa = PBXResourcesBuildPhase;
			buildActionMask = 2147483647;
			files = (
			);
			runOnlyForDeploymentPostprocessing = 0;
		};
		3F7D98E82168BF3100746D76 /* Resources */ = {
			isa = PBXResourcesBuildPhase;
			buildActionMask = 2147483647;
			files = (
			);
			runOnlyForDeploymentPostprocessing = 0;
		};
/* End PBXResourcesBuildPhase section */

/* Begin PBXSourcesBuildPhase section */
		3F7D98DD2168BF3100746D76 /* Sources */ = {
			isa = PBXSourcesBuildPhase;
			buildActionMask = 2147483647;
			files = (
			);
			runOnlyForDeploymentPostprocessing = 0;
		};
		3F7D98E62168BF3100746D76 /* Sources */ = {
			isa = PBXSourcesBuildPhase;
			buildActionMask = 2147483647;
			files = (
			);
			runOnlyForDeploymentPostprocessing = 0;
		};
/* End PBXSourcesBuildPhase section */

/* Begin PBXTargetDependency section */
		3F7D98ED2168BF3100746D76 /* PBXTargetDependency */ = {
			isa = PBXTargetDependency;
			target = 3F7D98E02168BF3100746D76 /* Swift-Fixtures-Example */;
			targetProxy = 3F7D98EC2168BF3100746D76 /* PBXContainerItemProxy */;
		};
/* End PBXTargetDependency section */

/* Begin XCBuildConfiguration section */
		3F7D98F32168BF3200746D76 /* Debug */ = {
			isa = XCBuildConfiguration;
			buildSettings = {
				ALWAYS_SEARCH_USER_PATHS = NO;
				CLANG_ANALYZER_NONNULL = YES;
				CLANG_ANALYZER_NUMBER_OBJECT_CONVERSION = YES_AGGRESSIVE;
				CLANG_CXX_LANGUAGE_STANDARD = "gnu++14";
				CLANG_CXX_LIBRARY = "libc++";
				CLANG_ENABLE_MODULES = YES;
				CLANG_ENABLE_OBJC_ARC = YES;
				CLANG_ENABLE_OBJC_WEAK = YES;
				CLANG_WARN_BLOCK_CAPTURE_AUTORELEASING = YES;
				CLANG_WARN_BOOL_CONVERSION = YES;
				CLANG_WARN_COMMA = YES;
				CLANG_WARN_CONSTANT_CONVERSION = YES;
				CLANG_WARN_DEPRECATED_OBJC_IMPLEMENTATIONS = YES;
				CLANG_WARN_DIRECT_OBJC_ISA_USAGE = YES_ERROR;
				CLANG_WARN_DOCUMENTATION_COMMENTS = YES;
				CLANG_WARN_EMPTY_BODY = YES;
				CLANG_WARN_ENUM_CONVERSION = YES;
				CLANG_WARN_INFINITE_RECURSION = YES;
				CLANG_WARN_INT_CONVERSION = YES;
				CLANG_WARN_NON_LITERAL_NULL_CONVERSION = YES;
				CLANG_WARN_OBJC_IMPLICIT_RETAIN_SELF = YES;
				CLANG_WARN_OBJC_LITERAL_CONVERSION = YES;
				CLANG_WARN_OBJC_ROOT_CLASS = YES_ERROR;
				CLANG_WARN_RANGE_LOOP_ANALYSIS = YES;
				CLANG_WARN_STRICT_PROTOTYPES = YES;
				CLANG_WARN_SUSPICIOUS_MOVE = YES;
				CLANG_WARN_UNGUARDED_AVAILABILITY = YES_AGGRESSIVE;
				CLANG_WARN_UNREACHABLE_CODE = YES;
				CLANG_WARN__DUPLICATE_METHOD_MATCH = YES;
				CODE_SIGN_IDENTITY = "iPhone Developer";
				COPY_PHASE_STRIP = NO;
				CURRENT_PROJECT_VERSION = 1;
				DEBUG_INFORMATION_FORMAT = dwarf;
				ENABLE_STRICT_OBJC_MSGSEND = YES;
				ENABLE_TESTABILITY = YES;
				GCC_C_LANGUAGE_STANDARD = gnu11;
				GCC_DYNAMIC_NO_PIC = NO;
				GCC_NO_COMMON_BLOCKS = YES;
				GCC_OPTIMIZATION_LEVEL = 0;
				GCC_PREPROCESSOR_DEFINITIONS = (
					"DEBUG=1",
					"$(inherited)",
				);
				GCC_WARN_64_TO_32_BIT_CONVERSION = YES;
				GCC_WARN_ABOUT_RETURN_TYPE = YES_ERROR;
				GCC_WARN_UNDECLARED_SELECTOR = YES;
				GCC_WARN_UNINITIALIZED_AUTOS = YES_AGGRESSIVE;
				GCC_WARN_UNUSED_FUNCTION = YES;
				GCC_WARN_UNUSED_VARIABLE = YES;
				IPHONEOS_DEPLOYMENT_TARGET = 12.0;
				MTL_ENABLE_DEBUG_INFO = INCLUDE_SOURCE;
				MTL_FAST_MATH = YES;
				ONLY_ACTIVE_ARCH = YES;
				SDKROOT = iphoneos;
				SWIFT_ACTIVE_COMPILATION_CONDITIONS = DEBUG;
				SWIFT_OPTIMIZATION_LEVEL = "-Onone";
				VERSIONING_SYSTEM = "apple-generic";
				VERSION_INFO_PREFIX = "";
			};
			name = Debug;
		};
		3F7D98F42168BF3200746D76 /* Release */ = {
			isa = XCBuildConfiguration;
			buildSettings = {
				ALWAYS_SEARCH_USER_PATHS = NO;
				CLANG_ANALYZER_NONNULL = YES;
				CLANG_ANALYZER_NUMBER_OBJECT_CONVERSION = YES_AGGRESSIVE;
				CLANG_CXX_LANGUAGE_STANDARD = "gnu++14";
				CLANG_CXX_LIBRARY = "libc++";
				CLANG_ENABLE_MODULES = YES;
				CLANG_ENABLE_OBJC_ARC = YES;
				CLANG_ENABLE_OBJC_WEAK = YES;
				CLANG_WARN_BLOCK_CAPTURE_AUTORELEASING = YES;
				CLANG_WARN_BOOL_CONVERSION = YES;
				CLANG_WARN_COMMA = YES;
				CLANG_WARN_CONSTANT_CONVERSION = YES;
				CLANG_WARN_DEPRECATED_OBJC_IMPLEMENTATIONS = YES;
				CLANG_WARN_DIRECT_OBJC_ISA_USAGE = YES_ERROR;
				CLANG_WARN_DOCUMENTATION_COMMENTS = YES;
				CLANG_WARN_EMPTY_BODY = YES;
				CLANG_WARN_ENUM_CONVERSION = YES;
				CLANG_WARN_INFINITE_RECURSION = YES;
				CLANG_WARN_INT_CONVERSION = YES;
				CLANG_WARN_NON_LITERAL_NULL_CONVERSION = YES;
				CLANG_WARN_OBJC_IMPLICIT_RETAIN_SELF = YES;
				CLANG_WARN_OBJC_LITERAL_CONVERSION = YES;
				CLANG_WARN_OBJC_ROOT_CLASS = YES_ERROR;
				CLANG_WARN_RANGE_LOOP_ANALYSIS = YES;
				CLANG_WARN_STRICT_PROTOTYPES = YES;
				CLANG_WARN_SUSPICIOUS_MOVE = YES;
				CLANG_WARN_UNGUARDED_AVAILABILITY = YES_AGGRESSIVE;
				CLANG_WARN_UNREACHABLE_CODE = YES;
				CLANG_WARN__DUPLICATE_METHOD_MATCH = YES;
				CODE_SIGN_IDENTITY = "iPhone Developer";
				COPY_PHASE_STRIP = NO;
				CURRENT_PROJECT_VERSION = 1;
				DEBUG_INFORMATION_FORMAT = "dwarf-with-dsym";
				ENABLE_NS_ASSERTIONS = NO;
				ENABLE_STRICT_OBJC_MSGSEND = YES;
				GCC_C_LANGUAGE_STANDARD = gnu11;
				GCC_NO_COMMON_BLOCKS = YES;
				GCC_WARN_64_TO_32_BIT_CONVERSION = YES;
				GCC_WARN_ABOUT_RETURN_TYPE = YES_ERROR;
				GCC_WARN_UNDECLARED_SELECTOR = YES;
				GCC_WARN_UNINITIALIZED_AUTOS = YES_AGGRESSIVE;
				GCC_WARN_UNUSED_FUNCTION = YES;
				GCC_WARN_UNUSED_VARIABLE = YES;
				IPHONEOS_DEPLOYMENT_TARGET = 12.0;
				MTL_ENABLE_DEBUG_INFO = NO;
				MTL_FAST_MATH = YES;
				SDKROOT = iphoneos;
				SWIFT_COMPILATION_MODE = wholemodule;
				SWIFT_OPTIMIZATION_LEVEL = "-O";
				VALIDATE_PRODUCT = YES;
				VERSIONING_SYSTEM = "apple-generic";
				VERSION_INFO_PREFIX = "";
			};
			name = Release;
		};
		3F7D98F62168BF3200746D76 /* Debug */ = {
			isa = XCBuildConfiguration;
			buildSettings = {
				CODE_SIGN_IDENTITY = "";
				CODE_SIGN_STYLE = Automatic;
				DEFINES_MODULE = YES;
				DEVELOPMENT_TEAM = 63EWLY2W55;
				DYLIB_COMPATIBILITY_VERSION = 1;
				DYLIB_CURRENT_VERSION = 1;
				DYLIB_INSTALL_NAME_BASE = "@rpath";
				INFOPLIST_FILE = "Swift-Fixtures-Example/Info.plist";
				INSTALL_PATH = "$(LOCAL_LIBRARY_DIR)/Frameworks";
				LD_RUNPATH_SEARCH_PATHS = (
					"$(inherited)",
					"@executable_path/Frameworks",
					"@loader_path/Frameworks",
				);
				PRODUCT_BUNDLE_IDENTIFIER = "examples.mokacoding.Swift-Fixtures-Example";
				PRODUCT_NAME = "$(TARGET_NAME:c99extidentifier)";
				SKIP_INSTALL = YES;
				SWIFT_VERSION = 4.2;
				TARGETED_DEVICE_FAMILY = "1,2";
			};
			name = Debug;
		};
		3F7D98F72168BF3200746D76 /* Release */ = {
			isa = XCBuildConfiguration;
			buildSettings = {
				CODE_SIGN_IDENTITY = "";
				CODE_SIGN_STYLE = Automatic;
				DEFINES_MODULE = YES;
				DEVELOPMENT_TEAM = 63EWLY2W55;
				DYLIB_COMPATIBILITY_VERSION = 1;
				DYLIB_CURRENT_VERSION = 1;
				DYLIB_INSTALL_NAME_BASE = "@rpath";
				INFOPLIST_FILE = "Swift-Fixtures-Example/Info.plist";
				INSTALL_PATH = "$(LOCAL_LIBRARY_DIR)/Frameworks";
				LD_RUNPATH_SEARCH_PATHS = (
					"$(inherited)",
					"@executable_path/Frameworks",
					"@loader_path/Frameworks",
				);
				PRODUCT_BUNDLE_IDENTIFIER = "examples.mokacoding.Swift-Fixtures-Example";
				PRODUCT_NAME = "$(TARGET_NAME:c99extidentifier)";
				SKIP_INSTALL = YES;
				SWIFT_VERSION = 4.2;
				TARGETED_DEVICE_FAMILY = "1,2";
			};
			name = Release;
		};
		3F7D98F92168BF3200746D76 /* Debug */ = {
			isa = XCBuildConfiguration;
			buildSettings = {
				CODE_SIGN_STYLE = Automatic;
				DEVELOPMENT_TEAM = 63EWLY2W55;
				INFOPLIST_FILE = "Swift-Fixtures-ExampleTests/Info.plist";
				LD_RUNPATH_SEARCH_PATHS = (
					"$(inherited)",
					"@executable_path/Frameworks",
					"@loader_path/Frameworks",
				);
				PRODUCT_BUNDLE_IDENTIFIER = "examples.mokacoding.Swift-Fixtures-ExampleTests";
				PRODUCT_NAME = "$(TARGET_NAME)";
				SWIFT_VERSION = 4.2;
				TARGETED_DEVICE_FAMILY = "1,2";
			};
			name = Debug;
		};
		3F7D98FA2168BF3200746D76 /* Release */ = {
			isa = XCBuildConfiguration;
			buildSettings = {
				CODE_SIGN_STYLE = Automatic;
				DEVELOPMENT_TEAM = 63EWLY2W55;
				INFOPLIST_FILE = "Swift-Fixtures-ExampleTests/Info.plist";
				LD_RUNPATH_SEARCH_PATHS = (
					"$(inherited)",
					"@executable_path/Frameworks",
					"@loader_path/Frameworks",
				);
				PRODUCT_BUNDLE_IDENTIFIER = "examples.mokacoding.Swift-Fixtures-ExampleTests";
				PRODUCT_NAME = "$(TARGET_NAME)";
				SWIFT_VERSION = 4.2;
				TARGETED_DEVICE_FAMILY = "1,2";
			};
			name = Release;
		};
/* End XCBuildConfiguration section */

/* Begin XCConfigurationList section */
		3F7D98DB2168BF3100746D76 /* Build configuration list for PBXProject "Swift-Fixtures-Example" */ = {
			isa = XCConfigurationList;
			buildConfigurations = (
				3F7D98F32168BF3200746D76 /* Debug */,
				3F7D98F42168BF3200746D76 /* Release */,
			);
			defaultConfigurationIsVisible = 0;
			defaultConfigurationName = Release;
		};
		3F7D98F52168BF3200746D76 /* Build configuration list for PBXNativeTarget "Swift-Fixtures-Example" */ = {
			isa = XCConfigurationList;
			buildConfigurations = (
				3F7D98F62168BF3200746D76 /* Debug */,
				3F7D98F72168BF3200746D76 /* Release */,
			);
			defaultConfigurationIsVisible = 0;
			defaultConfigurationName = Release;
		};
		3F7D98F82168BF3200746D76 /* Build configuration list for PBXNativeTarget "Swift-Fixtures-ExampleTests" */ = {
			isa = XCConfigurationList;
			buildConfigurations = (
				3F7D98F92168BF3200746D76 /* Debug */,
				3F7D98FA2168BF3200746D76 /* Release */,
			);
			defaultConfigurationIsVisible = 0;
			defaultConfigurationName = Release;
		};
/* End XCConfigurationList section */
	};
	rootObject = 3F7D98D82168BF3100746D76 /* Project object */;
}
